
Microsoft Visual Studio Solution File, Format Version 12.00
Project("{FAE04EC0-301F-11D3-BF4B-00C04F79EFBC}") = "Server", "Server\Server.csproj", "{3AE9BC8A-CBF7-4EF2-ABC5-B1194108A940}"
EndProject
Project("{FAE04EC0-301F-11D3-BF4B-00C04F79EFBC}") = "Common", "Common\Common.csproj", "{577C208F-8DF4-4934-8184-507813F1F416}"
EndProject
Project("{FAE04EC0-301F-11D3-BF4B-00C04F79EFBC}") = "Client", "Client\Client.csproj", "{570556F0-E400-4FBF-90D9-1F5322B127A7}"
EndProject
Project("{FAE04EC0-301F-11D3-BF4B-00C04F79EFBC}") = "PortTunneler", "PortTunneler\PortTunneler.csproj", "{7DE11C23-D8A2-48DF-8FA2-C773AEDC95D4}"
EndProject
Global
	GlobalSection(SolutionConfigurationPlatforms) = preSolution
		Debug|Any CPU = Debug|Any CPU
		Release|Any CPU = Release|Any CPU
	EndGlobalSection
	GlobalSection(ProjectConfigurationPlatforms) = postSolution
		{3AE9BC8A-CBF7-4EF2-ABC5-B1194108A940}.Debug|Any CPU.ActiveCfg = Debug|Any CPU
		{3AE9BC8A-CBF7-4EF2-ABC5-B1194108A940}.Debug|Any CPU.Build.0 = Debug|Any CPU
		{3AE9BC8A-CBF7-4EF2-ABC5-B1194108A940}.Release|Any CPU.ActiveCfg = Release|Any CPU
		{3AE9BC8A-CBF7-4EF2-ABC5-B1194108A940}.Release|Any CPU.Build.0 = Release|Any CPU
		{577C208F-8DF4-4934-8184-507813F1F416}.Debug|Any CPU.ActiveCfg = Debug|Any CPU
		{577C208F-8DF4-4934-8184-507813F1F416}.Debug|Any CPU.Build.0 = Debug|Any CPU
		{577C208F-8DF4-4934-8184-507813F1F416}.Release|Any CPU.ActiveCfg = Release|Any CPU
		{577C208F-8DF4-4934-8184-507813F1F416}.Release|Any CPU.Build.0 = Release|Any CPU
		{570556F0-E400-4FBF-90D9-1F5322B127A7}.Debug|Any CPU.ActiveCfg = Debug|Any CPU
		{570556F0-E400-4FBF-90D9-1F5322B127A7}.Debug|Any CPU.Build.0 = Debug|Any CPU
		{570556F0-E400-4FBF-90D9-1F5322B127A7}.Release|Any CPU.ActiveCfg = Release|Any CPU
		{570556F0-E400-4FBF-90D9-1F5322B127A7}.Release|Any CPU.Build.0 = Release|Any CPU
		{7DE11C23-D8A2-48DF-8FA2-C773AEDC95D4}.Debug|Any CPU.ActiveCfg = Debug|Any CPU
		{7DE11C23-D8A2-48DF-8FA2-C773AEDC95D4}.Debug|Any CPU.Build.0 = Debug|Any CPU
		{7DE11C23-D8A2-48DF-8FA2-C773AEDC95D4}.Release|Any CPU.ActiveCfg = Release|Any CPU
		{7DE11C23-D8A2-48DF-8FA2-C773AEDC95D4}.Release|Any CPU.Build.0 = Release|Any CPU
	EndGlobalSection
EndGlobal
